// !$*UTF8*$!
{
	archiveVersion = 1;
	classes = {
	};
	objectVersion = 50;
	objects = {

/* Begin PBXBuildFile section */
		8416B30E26B6E51900B0C50A /* AppDelegate.swift in Sources */ = {isa = PBXBuildFile; fileRef = 8416B30D26B6E51900B0C50A /* AppDelegate.swift */; };
		8416B31026B6E51900B0C50A /* SceneDelegate.swift in Sources */ = {isa = PBXBuildFile; fileRef = 8416B30F26B6E51900B0C50A /* SceneDelegate.swift */; };
		8416B31226B6E51900B0C50A /* BookTicketViewController.swift in Sources */ = {isa = PBXBuildFile; fileRef = 8416B31126B6E51900B0C50A /* BookTicketViewController.swift */; };
		8416B31526B6E51900B0C50A /* Main.storyboard in Resources */ = {isa = PBXBuildFile; fileRef = 8416B31326B6E51900B0C50A /* Main.storyboard */; };
		8416B31826B6E51900B0C50A /* CloudiumTest.xcdatamodeld in Sources */ = {isa = PBXBuildFile; fileRef = 8416B31626B6E51900B0C50A /* CloudiumTest.xcdatamodeld */; };
		8416B31A26B6E51A00B0C50A /* Assets.xcassets in Resources */ = {isa = PBXBuildFile; fileRef = 8416B31926B6E51A00B0C50A /* Assets.xcassets */; };
		8416B31D26B6E51A00B0C50A /* LaunchScreen.storyboard in Resources */ = {isa = PBXBuildFile; fileRef = 8416B31B26B6E51A00B0C50A /* LaunchScreen.storyboard */; };
		8416B33F26B6EAF400B0C50A /* TabBarController.swift in Sources */ = {isa = PBXBuildFile; fileRef = 8416B33E26B6EAF400B0C50A /* TabBarController.swift */; };
		8416B34526B6EB6000B0C50A /* Header.swift in Sources */ = {isa = PBXBuildFile; fileRef = 8416B34226B6EB6000B0C50A /* Header.swift */; };
		8416B34626B6EB6000B0C50A /* SeatTypes.swift in Sources */ = {isa = PBXBuildFile; fileRef = 8416B34426B6EB6000B0C50A /* SeatTypes.swift */; };
		8416B34E26B6EBA000B0C50A /* AppCoordinator.swift in Sources */ = {isa = PBXBuildFile; fileRef = 8416B34A26B6EBA000B0C50A /* AppCoordinator.swift */; };
		8416B34F26B6EBA000B0C50A /* Coordinator.swift in Sources */ = {isa = PBXBuildFile; fileRef = 8416B34B26B6EBA000B0C50A /* Coordinator.swift */; };
		8416B35026B6EBA000B0C50A /* StoryBoarded.swift in Sources */ = {isa = PBXBuildFile; fileRef = 8416B34D26B6EBA000B0C50A /* StoryBoarded.swift */; };
		841FF13E26BB072400589CAD /* HomeVCViewModel.swift in Sources */ = {isa = PBXBuildFile; fileRef = 841FF13D26BB072400589CAD /* HomeVCViewModel.swift */; };
		847483A526BBC15300B9366B /* UIColor + Create.swift in Sources */ = {isa = PBXBuildFile; fileRef = 847483A426BBC15300B9366B /* UIColor + Create.swift */; };
		847483AB26BBC4B600B9366B /* UIColor + Presets.swift in Sources */ = {isa = PBXBuildFile; fileRef = 847483AA26BBC4B600B9366B /* UIColor + Presets.swift */; };
		847483B026BBC62000B9366B /* HomeItemsTableCell.swift in Sources */ = {isa = PBXBuildFile; fileRef = 847483AF26BBC62000B9366B /* HomeItemsTableCell.swift */; };
		847483B426BBCB7E00B9366B /* PaddingLabel.swift in Sources */ = {isa = PBXBuildFile; fileRef = 847483B326BBCB7E00B9366B /* PaddingLabel.swift */; };
		8491EEB326BBD21600C61F18 /* BookTicketsFooter.swift in Sources */ = {isa = PBXBuildFile; fileRef = 8491EEB226BBD21600C61F18 /* BookTicketsFooter.swift */; };
		84ADA4EB26BAC8F1007E9AF0 /* CustomCell.swift in Sources */ = {isa = PBXBuildFile; fileRef = 84ADA4EA26BAC8F1007E9AF0 /* CustomCell.swift */; };
		84ADA4EE26BAC9C7007E9AF0 /* BookSeatViewModel.swift in Sources */ = {isa = PBXBuildFile; fileRef = 84ADA4ED26BAC9C7007E9AF0 /* BookSeatViewModel.swift */; };
		84ADA4F926BAD8F4007E9AF0 /* DatabaseConnection.swift in Sources */ = {isa = PBXBuildFile; fileRef = 84ADA4F826BAD8F4007E9AF0 /* DatabaseConnection.swift */; };
		84ADA4FE26BAD9F2007E9AF0 /* ManagedObject.swift in Sources */ = {isa = PBXBuildFile; fileRef = 84ADA4FD26BAD9F2007E9AF0 /* ManagedObject.swift */; };
		84ADA50226BADD65007E9AF0 /* SavedSeats.swift in Sources */ = {isa = PBXBuildFile; fileRef = 84ADA50126BADD65007E9AF0 /* SavedSeats.swift */; };
		84ADA50526BAE2C1007E9AF0 /* SeatStatus.swift in Sources */ = {isa = PBXBuildFile; fileRef = 84ADA50426BAE2C1007E9AF0 /* SeatStatus.swift */; };
		84ADA51626BAED09007E9AF0 /* SavedSeats+CoreDataClass.swift in Sources */ = {isa = PBXBuildFile; fileRef = 84ADA51426BAED09007E9AF0 /* SavedSeats+CoreDataClass.swift */; };
		84ADA51726BAED09007E9AF0 /* SavedSeats+CoreDataProperties.swift in Sources */ = {isa = PBXBuildFile; fileRef = 84ADA51526BAED09007E9AF0 /* SavedSeats+CoreDataProperties.swift */; };
		84ADA51B26BAFCE6007E9AF0 /* HomeViewController.swift in Sources */ = {isa = PBXBuildFile; fileRef = 84ADA51A26BAFCE6007E9AF0 /* HomeViewController.swift */; };
		84ADA52126BAFF4D007E9AF0 /* HomeItemsModel.swift in Sources */ = {isa = PBXBuildFile; fileRef = 84ADA52026BAFF4D007E9AF0 /* HomeItemsModel.swift */; };
		84DA18DF26BB01300019DA5F /* TableView.swift in Sources */ = {isa = PBXBuildFile; fileRef = 84DA18DE26BB01300019DA5F /* TableView.swift */; };
		84DA18E326BB03DA0019DA5F /* BookedTicketsVC.swift in Sources */ = {isa = PBXBuildFile; fileRef = 84DA18E226BB03DA0019DA5F /* BookedTicketsVC.swift */; };
/* End PBXBuildFile section */

/* Begin PBXFileReference section */
		8416B30A26B6E51900B0C50A /* CloudiumTest.app */ = {isa = PBXFileReference; explicitFileType = wrapper.application; includeInIndex = 0; path = CloudiumTest.app; sourceTree = BUILT_PRODUCTS_DIR; };
		8416B30D26B6E51900B0C50A /* AppDelegate.swift */ = {isa = PBXFileReference; lastKnownFileType = sourcecode.swift; path = AppDelegate.swift; sourceTree = "<group>"; };
		8416B30F26B6E51900B0C50A /* SceneDelegate.swift */ = {isa = PBXFileReference; lastKnownFileType = sourcecode.swift; path = SceneDelegate.swift; sourceTree = "<group>"; };
		8416B31126B6E51900B0C50A /* BookTicketViewController.swift */ = {isa = PBXFileReference; lastKnownFileType = sourcecode.swift; path = BookTicketViewController.swift; sourceTree = "<group>"; };
		8416B31426B6E51900B0C50A /* Base */ = {isa = PBXFileReference; lastKnownFileType = file.storyboard; name = Base; path = Base.lproj/Main.storyboard; sourceTree = "<group>"; };
		8416B31726B6E51900B0C50A /* CloudiumTest.xcdatamodel */ = {isa = PBXFileReference; lastKnownFileType = wrapper.xcdatamodel; path = CloudiumTest.xcdatamodel; sourceTree = "<group>"; };
		8416B31926B6E51A00B0C50A /* Assets.xcassets */ = {isa = PBXFileReference; lastKnownFileType = folder.assetcatalog; path = Assets.xcassets; sourceTree = "<group>"; };
		8416B31C26B6E51A00B0C50A /* Base */ = {isa = PBXFileReference; lastKnownFileType = file.storyboard; name = Base; path = Base.lproj/LaunchScreen.storyboard; sourceTree = "<group>"; };
		8416B31E26B6E51A00B0C50A /* Info.plist */ = {isa = PBXFileReference; lastKnownFileType = text.plist.xml; path = Info.plist; sourceTree = "<group>"; };
		8416B33E26B6EAF400B0C50A /* TabBarController.swift */ = {isa = PBXFileReference; lastKnownFileType = sourcecode.swift; path = TabBarController.swift; sourceTree = "<group>"; };
		8416B34226B6EB6000B0C50A /* Header.swift */ = {isa = PBXFileReference; fileEncoding = 4; lastKnownFileType = sourcecode.swift; path = Header.swift; sourceTree = "<group>"; };
		8416B34426B6EB6000B0C50A /* SeatTypes.swift */ = {isa = PBXFileReference; fileEncoding = 4; lastKnownFileType = sourcecode.swift; path = SeatTypes.swift; sourceTree = "<group>"; };
		8416B34A26B6EBA000B0C50A /* AppCoordinator.swift */ = {isa = PBXFileReference; fileEncoding = 4; lastKnownFileType = sourcecode.swift; path = AppCoordinator.swift; sourceTree = "<group>"; };
		8416B34B26B6EBA000B0C50A /* Coordinator.swift */ = {isa = PBXFileReference; fileEncoding = 4; lastKnownFileType = sourcecode.swift; path = Coordinator.swift; sourceTree = "<group>"; };
		8416B34D26B6EBA000B0C50A /* StoryBoarded.swift */ = {isa = PBXFileReference; fileEncoding = 4; lastKnownFileType = sourcecode.swift; path = StoryBoarded.swift; sourceTree = "<group>"; };
		841FF13D26BB072400589CAD /* HomeVCViewModel.swift */ = {isa = PBXFileReference; lastKnownFileType = sourcecode.swift; path = HomeVCViewModel.swift; sourceTree = "<group>"; };
		847483A426BBC15300B9366B /* UIColor + Create.swift */ = {isa = PBXFileReference; lastKnownFileType = sourcecode.swift; path = "UIColor + Create.swift"; sourceTree = "<group>"; };
		847483AA26BBC4B600B9366B /* UIColor + Presets.swift */ = {isa = PBXFileReference; lastKnownFileType = sourcecode.swift; path = "UIColor + Presets.swift"; sourceTree = "<group>"; };
		847483AF26BBC62000B9366B /* HomeItemsTableCell.swift */ = {isa = PBXFileReference; lastKnownFileType = sourcecode.swift; path = HomeItemsTableCell.swift; sourceTree = "<group>"; };
		847483B326BBCB7E00B9366B /* PaddingLabel.swift */ = {isa = PBXFileReference; lastKnownFileType = sourcecode.swift; path = PaddingLabel.swift; sourceTree = "<group>"; };
		8491EEB226BBD21600C61F18 /* BookTicketsFooter.swift */ = {isa = PBXFileReference; lastKnownFileType = sourcecode.swift; path = BookTicketsFooter.swift; sourceTree = "<group>"; };
		84ADA4EA26BAC8F1007E9AF0 /* CustomCell.swift */ = {isa = PBXFileReference; lastKnownFileType = sourcecode.swift; path = CustomCell.swift; sourceTree = "<group>"; };
		84ADA4ED26BAC9C7007E9AF0 /* BookSeatViewModel.swift */ = {isa = PBXFileReference; lastKnownFileType = sourcecode.swift; path = BookSeatViewModel.swift; sourceTree = "<group>"; };
		84ADA4F826BAD8F4007E9AF0 /* DatabaseConnection.swift */ = {isa = PBXFileReference; lastKnownFileType = sourcecode.swift; path = DatabaseConnection.swift; sourceTree = "<group>"; };
		84ADA4FD26BAD9F2007E9AF0 /* ManagedObject.swift */ = {isa = PBXFileReference; lastKnownFileType = sourcecode.swift; path = ManagedObject.swift; sourceTree = "<group>"; };
		84ADA50126BADD65007E9AF0 /* SavedSeats.swift */ = {isa = PBXFileReference; lastKnownFileType = sourcecode.swift; path = SavedSeats.swift; sourceTree = "<group>"; };
		84ADA50426BAE2C1007E9AF0 /* SeatStatus.swift */ = {isa = PBXFileReference; lastKnownFileType = sourcecode.swift; path = SeatStatus.swift; sourceTree = "<group>"; };
		84ADA51426BAED09007E9AF0 /* SavedSeats+CoreDataClass.swift */ = {isa = PBXFileReference; lastKnownFileType = sourcecode.swift; path = "SavedSeats+CoreDataClass.swift"; sourceTree = "<group>"; };
		84ADA51526BAED09007E9AF0 /* SavedSeats+CoreDataProperties.swift */ = {isa = PBXFileReference; lastKnownFileType = sourcecode.swift; path = "SavedSeats+CoreDataProperties.swift"; sourceTree = "<group>"; };
		84ADA51A26BAFCE6007E9AF0 /* HomeViewController.swift */ = {isa = PBXFileReference; lastKnownFileType = sourcecode.swift; path = HomeViewController.swift; sourceTree = "<group>"; };
		84ADA52026BAFF4D007E9AF0 /* HomeItemsModel.swift */ = {isa = PBXFileReference; lastKnownFileType = sourcecode.swift; path = HomeItemsModel.swift; sourceTree = "<group>"; };
		84DA18DE26BB01300019DA5F /* TableView.swift */ = {isa = PBXFileReference; lastKnownFileType = sourcecode.swift; path = TableView.swift; sourceTree = "<group>"; };
		84DA18E226BB03DA0019DA5F /* BookedTicketsVC.swift */ = {isa = PBXFileReference; lastKnownFileType = sourcecode.swift; path = BookedTicketsVC.swift; sourceTree = "<group>"; };
/* End PBXFileReference section */

/* Begin PBXFrameworksBuildPhase section */
		8416B30726B6E51900B0C50A /* Frameworks */ = {
			isa = PBXFrameworksBuildPhase;
			buildActionMask = 2147483647;
			files = (
			);
			runOnlyForDeploymentPostprocessing = 0;
		};
/* End PBXFrameworksBuildPhase section */

/* Begin PBXGroup section */
		8416B30126B6E51900B0C50A = {
			isa = PBXGroup;
			children = (
				8416B30C26B6E51900B0C50A /* CloudiumTest */,
				8416B30B26B6E51900B0C50A /* Products */,
			);
			sourceTree = "<group>";
		};
		8416B30B26B6E51900B0C50A /* Products */ = {
			isa = PBXGroup;
			children = (
				8416B30A26B6E51900B0C50A /* CloudiumTest.app */,
			);
			name = Products;
			sourceTree = "<group>";
		};
		8416B30C26B6E51900B0C50A /* CloudiumTest */ = {
			isa = PBXGroup;
			children = (
				847483B226BBCB5800B9366B /* CommonViews */,
				84ADA51D26BAFEF2007E9AF0 /* Controllers & Modules */,
				8416B34326B6EB6000B0C50A /* Seats */,
				8416B34126B6EB6000B0C50A /* Views */,
				8416B30D26B6E51900B0C50A /* AppDelegate.swift */,
				8416B30F26B6E51900B0C50A /* SceneDelegate.swift */,
				8416B33E26B6EAF400B0C50A /* TabBarController.swift */,
				847483A826BBC49600B9366B /* Assets */,
				84ADA4FC26BAD9E6007E9AF0 /* Extensions */,
				84ADA4F026BAD855007E9AF0 /* CoreData */,
				8416B31326B6E51900B0C50A /* Main.storyboard */,
				8416B31926B6E51A00B0C50A /* Assets.xcassets */,
				8416B31B26B6E51A00B0C50A /* LaunchScreen.storyboard */,
				8416B31E26B6E51A00B0C50A /* Info.plist */,
			);
			path = CloudiumTest;
			sourceTree = "<group>";
		};
		8416B34126B6EB6000B0C50A /* Views */ = {
			isa = PBXGroup;
			children = (
				8416B34826B6EBA000B0C50A /* Helper */,
				8416B34226B6EB6000B0C50A /* Header.swift */,
				84ADA4EA26BAC8F1007E9AF0 /* CustomCell.swift */,
			);
			path = Views;
			sourceTree = "<group>";
		};
		8416B34326B6EB6000B0C50A /* Seats */ = {
			isa = PBXGroup;
			children = (
				8416B34426B6EB6000B0C50A /* SeatTypes.swift */,
				84ADA50426BAE2C1007E9AF0 /* SeatStatus.swift */,
			);
			path = Seats;
			sourceTree = "<group>";
		};
		8416B34826B6EBA000B0C50A /* Helper */ = {
			isa = PBXGroup;
			children = (
				8416B34926B6EBA000B0C50A /* Coordinators */,
				8416B34C26B6EBA000B0C50A /* StoryBoard */,
			);
			path = Helper;
			sourceTree = "<group>";
		};
		8416B34926B6EBA000B0C50A /* Coordinators */ = {
			isa = PBXGroup;
			children = (
				8416B34A26B6EBA000B0C50A /* AppCoordinator.swift */,
				8416B34B26B6EBA000B0C50A /* Coordinator.swift */,
			);
			path = Coordinators;
			sourceTree = "<group>";
		};
		8416B34C26B6EBA000B0C50A /* StoryBoard */ = {
			isa = PBXGroup;
			children = (
				8416B34D26B6EBA000B0C50A /* StoryBoarded.swift */,
			);
			path = StoryBoard;
			sourceTree = "<group>";
		};
		841FF13C26BB071200589CAD /* ViewModel */ = {
			isa = PBXGroup;
			children = (
				841FF13D26BB072400589CAD /* HomeVCViewModel.swift */,
			);
			path = ViewModel;
			sourceTree = "<group>";
		};
		847483A826BBC49600B9366B /* Assets */ = {
			isa = PBXGroup;
			children = (
			);
			path = Assets;
			sourceTree = "<group>";
		};
		847483A926BBC4A600B9366B /* Color */ = {
			isa = PBXGroup;
			children = (
				847483A426BBC15300B9366B /* UIColor + Create.swift */,
				847483AA26BBC4B600B9366B /* UIColor + Presets.swift */,
			);
			path = Color;
			sourceTree = "<group>";
		};
		847483AD26BBC60100B9366B /* Views */ = {
			isa = PBXGroup;
			children = (
				847483AE26BBC60600B9366B /* TableCells */,
			);
			path = Views;
			sourceTree = "<group>";
		};
		847483AE26BBC60600B9366B /* TableCells */ = {
			isa = PBXGroup;
			children = (
				847483AF26BBC62000B9366B /* HomeItemsTableCell.swift */,
			);
			path = TableCells;
			sourceTree = "<group>";
		};
		847483B226BBCB5800B9366B /* CommonViews */ = {
			isa = PBXGroup;
			children = (
				847483B326BBCB7E00B9366B /* PaddingLabel.swift */,
			);
			path = CommonViews;
			sourceTree = "<group>";
		};
		84ADA4F026BAD855007E9AF0 /* CoreData */ = {
			isa = PBXGroup;
			children = (
				84ADA4F126BAD8A6007E9AF0 /* CoreData models */,
				8416B31626B6E51900B0C50A /* CloudiumTest.xcdatamodeld */,
				84ADA4F826BAD8F4007E9AF0 /* DatabaseConnection.swift */,
			);
			path = CoreData;
			sourceTree = "<group>";
		};
		84ADA4F126BAD8A6007E9AF0 /* CoreData models */ = {
			isa = PBXGroup;
			children = (
				84ADA51426BAED09007E9AF0 /* SavedSeats+CoreDataClass.swift */,
				84ADA51526BAED09007E9AF0 /* SavedSeats+CoreDataProperties.swift */,
			);
			path = "CoreData models";
			sourceTree = "<group>";
		};
		84ADA4FC26BAD9E6007E9AF0 /* Extensions */ = {
			isa = PBXGroup;
			children = (
				847483A926BBC4A600B9366B /* Color */,
				84ADA4FD26BAD9F2007E9AF0 /* ManagedObject.swift */,
				84DA18DE26BB01300019DA5F /* TableView.swift */,
				84ADA50126BADD65007E9AF0 /* SavedSeats.swift */,
			);
			path = Extensions;
			sourceTree = "<group>";
		};
		84ADA51D26BAFEF2007E9AF0 /* Controllers & Modules */ = {
			isa = PBXGroup;
			children = (
				84ADA51E26BAFEFC007E9AF0 /* Home */,
				84DA18E526BB04040019DA5F /* Book Tickets */,
				84DA18E126BB03BC0019DA5F /* Booked Tickets */,
			);
			path = "Controllers & Modules";
			sourceTree = "<group>";
		};
		84ADA51E26BAFEFC007E9AF0 /* Home */ = {
			isa = PBXGroup;
			children = (
				847483AD26BBC60100B9366B /* Views */,
				841FF13C26BB071200589CAD /* ViewModel */,
				84ADA51F26BAFF3E007E9AF0 /* Models */,
				84ADA51A26BAFCE6007E9AF0 /* HomeViewController.swift */,
			);
			path = Home;
			sourceTree = "<group>";
		};
		84ADA51F26BAFF3E007E9AF0 /* Models */ = {
			isa = PBXGroup;
			children = (
				84ADA52026BAFF4D007E9AF0 /* HomeItemsModel.swift */,
			);
			path = Models;
			sourceTree = "<group>";
		};
		84DA18E126BB03BC0019DA5F /* Booked Tickets */ = {
			isa = PBXGroup;
			children = (
				84DA18E226BB03DA0019DA5F /* BookedTicketsVC.swift */,
			);
			path = "Booked Tickets";
			sourceTree = "<group>";
		};
		84DA18E526BB04040019DA5F /* Book Tickets */ = {
			isa = PBXGroup;
			children = (
				8416B31126B6E51900B0C50A /* BookTicketViewController.swift */,
				8491EEB226BBD21600C61F18 /* BookTicketsFooter.swift */,
				84ADA4ED26BAC9C7007E9AF0 /* BookSeatViewModel.swift */,
			);
			path = "Book Tickets";
			sourceTree = "<group>";
		};
/* End PBXGroup section */

/* Begin PBXNativeTarget section */
		8416B30926B6E51900B0C50A /* CloudiumTest */ = {
			isa = PBXNativeTarget;
			buildConfigurationList = 8416B32126B6E51A00B0C50A /* Build configuration list for PBXNativeTarget "CloudiumTest" */;
			buildPhases = (
				8416B30626B6E51900B0C50A /* Sources */,
				8416B30726B6E51900B0C50A /* Frameworks */,
				8416B30826B6E51900B0C50A /* Resources */,
			);
			buildRules = (
			);
			dependencies = (
			);
			name = CloudiumTest;
			productName = CloudiumTest;
			productReference = 8416B30A26B6E51900B0C50A /* CloudiumTest.app */;
			productType = "com.apple.product-type.application";
		};
/* End PBXNativeTarget section */

/* Begin PBXProject section */
		8416B30226B6E51900B0C50A /* Project object */ = {
			isa = PBXProject;
			attributes = {
				LastSwiftUpdateCheck = 1230;
				LastUpgradeCheck = 1230;
				TargetAttributes = {
					8416B30926B6E51900B0C50A = {
						CreatedOnToolsVersion = 12.3;
					};
				};
			};
			buildConfigurationList = 8416B30526B6E51900B0C50A /* Build configuration list for PBXProject "CloudiumTest" */;
			compatibilityVersion = "Xcode 9.3";
			developmentRegion = en;
			hasScannedForEncodings = 0;
			knownRegions = (
				en,
				Base,
			);
			mainGroup = 8416B30126B6E51900B0C50A;
			productRefGroup = 8416B30B26B6E51900B0C50A /* Products */;
			projectDirPath = "";
			projectRoot = "";
			targets = (
				8416B30926B6E51900B0C50A /* CloudiumTest */,
			);
		};
/* End PBXProject section */

/* Begin PBXResourcesBuildPhase section */
		8416B30826B6E51900B0C50A /* Resources */ = {
			isa = PBXResourcesBuildPhase;
			buildActionMask = 2147483647;
			files = (
				8416B31D26B6E51A00B0C50A /* LaunchScreen.storyboard in Resources */,
				8416B31A26B6E51A00B0C50A /* Assets.xcassets in Resources */,
				8416B31526B6E51900B0C50A /* Main.storyboard in Resources */,
			);
			runOnlyForDeploymentPostprocessing = 0;
		};
/* End PBXResourcesBuildPhase section */

/* Begin PBXSourcesBuildPhase section */
		8416B30626B6E51900B0C50A /* Sources */ = {
			isa = PBXSourcesBuildPhase;
			buildActionMask = 2147483647;
			files = (
				8416B31226B6E51900B0C50A /* BookTicketViewController.swift in Sources */,
				84ADA4FE26BAD9F2007E9AF0 /* ManagedObject.swift in Sources */,
				84ADA51B26BAFCE6007E9AF0 /* HomeViewController.swift in Sources */,
				847483AB26BBC4B600B9366B /* UIColor + Presets.swift in Sources */,
				8416B30E26B6E51900B0C50A /* AppDelegate.swift in Sources */,
				84ADA4F926BAD8F4007E9AF0 /* DatabaseConnection.swift in Sources */,
				84ADA4EB26BAC8F1007E9AF0 /* CustomCell.swift in Sources */,
				841FF13E26BB072400589CAD /* HomeVCViewModel.swift in Sources */,
				84ADA50526BAE2C1007E9AF0 /* SeatStatus.swift in Sources */,
				84ADA51726BAED09007E9AF0 /* SavedSeats+CoreDataProperties.swift in Sources */,
				84ADA50226BADD65007E9AF0 /* SavedSeats.swift in Sources */,
				8416B31026B6E51900B0C50A /* SceneDelegate.swift in Sources */,
				847483B026BBC62000B9366B /* HomeItemsTableCell.swift in Sources */,
				84DA18E326BB03DA0019DA5F /* BookedTicketsVC.swift in Sources */,
				84DA18DF26BB01300019DA5F /* TableView.swift in Sources */,
				8416B33F26B6EAF400B0C50A /* TabBarController.swift in Sources */,
				8416B34E26B6EBA000B0C50A /* AppCoordinator.swift in Sources */,
				84ADA4EE26BAC9C7007E9AF0 /* BookSeatViewModel.swift in Sources */,
				8416B35026B6EBA000B0C50A /* StoryBoarded.swift in Sources */,
				8416B34626B6EB6000B0C50A /* SeatTypes.swift in Sources */,
				84ADA52126BAFF4D007E9AF0 /* HomeItemsModel.swift in Sources */,
				8416B34526B6EB6000B0C50A /* Header.swift in Sources */,
				8416B31826B6E51900B0C50A /* CloudiumTest.xcdatamodeld in Sources */,
				847483A526BBC15300B9366B /* UIColor + Create.swift in Sources */,
				847483B426BBCB7E00B9366B /* PaddingLabel.swift in Sources */,
				8416B34F26B6EBA000B0C50A /* Coordinator.swift in Sources */,
				84ADA51626BAED09007E9AF0 /* SavedSeats+CoreDataClass.swift in Sources */,
				8491EEB326BBD21600C61F18 /* BookTicketsFooter.swift in Sources */,
			);
			runOnlyForDeploymentPostprocessing = 0;
		};
/* End PBXSourcesBuildPhase section */

/* Begin PBXVariantGroup section */
		8416B31326B6E51900B0C50A /* Main.storyboard */ = {
			isa = PBXVariantGroup;
			children = (
				8416B31426B6E51900B0C50A /* Base */,
			);
			name = Main.storyboard;
			sourceTree = "<group>";
		};
		8416B31B26B6E51A00B0C50A /* LaunchScreen.storyboard */ = {
			isa = PBXVariantGroup;
			children = (
				8416B31C26B6E51A00B0C50A /* Base */,
			);
			name = LaunchScreen.storyboard;
			sourceTree = "<group>";
		};
/* End PBXVariantGroup section */

/* Begin XCBuildConfiguration section */
		8416B31F26B6E51A00B0C50A /* Debug */ = {
			isa = XCBuildConfiguration;
			buildSettings = {
				ALWAYS_SEARCH_USER_PATHS = NO;
				CLANG_ANALYZER_NONNULL = YES;
				CLANG_ANALYZER_NUMBER_OBJECT_CONVERSION = YES_AGGRESSIVE;
				CLANG_CXX_LANGUAGE_STANDARD = "gnu++14";
				CLANG_CXX_LIBRARY = "libc++";
				CLANG_ENABLE_MODULES = YES;
				CLANG_ENABLE_OBJC_ARC = YES;
				CLANG_ENABLE_OBJC_WEAK = YES;
				CLANG_WARN_BLOCK_CAPTURE_AUTORELEASING = YES;
				CLANG_WARN_BOOL_CONVERSION = YES;
				CLANG_WARN_COMMA = YES;
				CLANG_WARN_CONSTANT_CONVERSION = YES;
				CLANG_WARN_DEPRECATED_OBJC_IMPLEMENTATIONS = YES;
				CLANG_WARN_DIRECT_OBJC_ISA_USAGE = YES_ERROR;
				CLANG_WARN_DOCUMENTATION_COMMENTS = YES;
				CLANG_WARN_EMPTY_BODY = YES;
				CLANG_WARN_ENUM_CONVERSION = YES;
				CLANG_WARN_INFINITE_RECURSION = YES;
				CLANG_WARN_INT_CONVERSION = YES;
				CLANG_WARN_NON_LITERAL_NULL_CONVERSION = YES;
				CLANG_WARN_OBJC_IMPLICIT_RETAIN_SELF = YES;
				CLANG_WARN_OBJC_LITERAL_CONVERSION = YES;
				CLANG_WARN_OBJC_ROOT_CLASS = YES_ERROR;
				CLANG_WARN_QUOTED_INCLUDE_IN_FRAMEWORK_HEADER = YES;
				CLANG_WARN_RANGE_LOOP_ANALYSIS = YES;
				CLANG_WARN_STRICT_PROTOTYPES = YES;
				CLANG_WARN_SUSPICIOUS_MOVE = YES;
				CLANG_WARN_UNGUARDED_AVAILABILITY = YES_AGGRESSIVE;
				CLANG_WARN_UNREACHABLE_CODE = YES;
				CLANG_WARN__DUPLICATE_METHOD_MATCH = YES;
				COPY_PHASE_STRIP = NO;
				DEBUG_INFORMATION_FORMAT = dwarf;
				ENABLE_STRICT_OBJC_MSGSEND = YES;
				ENABLE_TESTABILITY = YES;
				GCC_C_LANGUAGE_STANDARD = gnu11;
				GCC_DYNAMIC_NO_PIC = NO;
				GCC_NO_COMMON_BLOCKS = YES;
				GCC_OPTIMIZATION_LEVEL = 0;
				GCC_PREPROCESSOR_DEFINITIONS = (
					"DEBUG=1",
					"$(inherited)",
				);
				GCC_WARN_64_TO_32_BIT_CONVERSION = YES;
				GCC_WARN_ABOUT_RETURN_TYPE = YES_ERROR;
				GCC_WARN_UNDECLARED_SELECTOR = YES;
				GCC_WARN_UNINITIALIZED_AUTOS = YES_AGGRESSIVE;
				GCC_WARN_UNUSED_FUNCTION = YES;
				GCC_WARN_UNUSED_VARIABLE = YES;
				IPHONEOS_DEPLOYMENT_TARGET = 14.3;
				MTL_ENABLE_DEBUG_INFO = INCLUDE_SOURCE;
				MTL_FAST_MATH = YES;
				ONLY_ACTIVE_ARCH = YES;
				SDKROOT = iphoneos;
				SWIFT_ACTIVE_COMPILATION_CONDITIONS = DEBUG;
				SWIFT_OPTIMIZATION_LEVEL = "-Onone";
			};
			name = Debug;
		};
		8416B32026B6E51A00B0C50A /* Release */ = {
			isa = XCBuildConfiguration;
			buildSettings = {
				ALWAYS_SEARCH_USER_PATHS = NO;
				CLANG_ANALYZER_NONNULL = YES;
				CLANG_ANALYZER_NUMBER_OBJECT_CONVERSION = YES_AGGRESSIVE;
				CLANG_CXX_LANGUAGE_STANDARD = "gnu++14";
				CLANG_CXX_LIBRARY = "libc++";
				CLANG_ENABLE_MODULES = YES;
				CLANG_ENABLE_OBJC_ARC = YES;
				CLANG_ENABLE_OBJC_WEAK = YES;
				CLANG_WARN_BLOCK_CAPTURE_AUTORELEASING = YES;
				CLANG_WARN_BOOL_CONVERSION = YES;
				CLANG_WARN_COMMA = YES;
				CLANG_WARN_CONSTANT_CONVERSION = YES;
				CLANG_WARN_DEPRECATED_OBJC_IMPLEMENTATIONS = YES;
				CLANG_WARN_DIRECT_OBJC_ISA_USAGE = YES_ERROR;
				CLANG_WARN_DOCUMENTATION_COMMENTS = YES;
				CLANG_WARN_EMPTY_BODY = YES;
				CLANG_WARN_ENUM_CONVERSION = YES;
				CLANG_WARN_INFINITE_RECURSION = YES;
				CLANG_WARN_INT_CONVERSION = YES;
				CLANG_WARN_NON_LITERAL_NULL_CONVERSION = YES;
				CLANG_WARN_OBJC_IMPLICIT_RETAIN_SELF = YES;
				CLANG_WARN_OBJC_LITERAL_CONVERSION = YES;
				CLANG_WARN_OBJC_ROOT_CLASS = YES_ERROR;
				CLANG_WARN_QUOTED_INCLUDE_IN_FRAMEWORK_HEADER = YES;
				CLANG_WARN_RANGE_LOOP_ANALYSIS = YES;
				CLANG_WARN_STRICT_PROTOTYPES = YES;
				CLANG_WARN_SUSPICIOUS_MOVE = YES;
				CLANG_WARN_UNGUARDED_AVAILABILITY = YES_AGGRESSIVE;
				CLANG_WARN_UNREACHABLE_CODE = YES;
				CLANG_WARN__DUPLICATE_METHOD_MATCH = YES;
				COPY_PHASE_STRIP = NO;
				DEBUG_INFORMATION_FORMAT = "dwarf-with-dsym";
				ENABLE_NS_ASSERTIONS = NO;
				ENABLE_STRICT_OBJC_MSGSEND = YES;
				GCC_C_LANGUAGE_STANDARD = gnu11;
				GCC_NO_COMMON_BLOCKS = YES;
				GCC_WARN_64_TO_32_BIT_CONVERSION = YES;
				GCC_WARN_ABOUT_RETURN_TYPE = YES_ERROR;
				GCC_WARN_UNDECLARED_SELECTOR = YES;
				GCC_WARN_UNINITIALIZED_AUTOS = YES_AGGRESSIVE;
				GCC_WARN_UNUSED_FUNCTION = YES;
				GCC_WARN_UNUSED_VARIABLE = YES;
				IPHONEOS_DEPLOYMENT_TARGET = 14.3;
				MTL_ENABLE_DEBUG_INFO = NO;
				MTL_FAST_MATH = YES;
				SDKROOT = iphoneos;
				SWIFT_COMPILATION_MODE = wholemodule;
				SWIFT_OPTIMIZATION_LEVEL = "-O";
				VALIDATE_PRODUCT = YES;
			};
			name = Release;
		};
		8416B32226B6E51A00B0C50A /* Debug */ = {
			isa = XCBuildConfiguration;
			buildSettings = {
				ASSETCATALOG_COMPILER_APPICON_NAME = AppIcon;
				ASSETCATALOG_COMPILER_GLOBAL_ACCENT_COLOR_NAME = AccentColor;
				CODE_SIGN_STYLE = Automatic;
				DEVELOPMENT_TEAM = 6MY56XZDP3;
				INFOPLIST_FILE = CloudiumTest/Info.plist;
				LD_RUNPATH_SEARCH_PATHS = (
					"$(inherited)",
					"@executable_path/Frameworks",
				);
				PRODUCT_BUNDLE_IDENTIFIER = com.pm.abi.CloudiumTest;
				PRODUCT_NAME = "$(TARGET_NAME)";
				SWIFT_VERSION = 5.0;
				TARGETED_DEVICE_FAMILY = "1,2";
			};
			name = Debug;
		};
		8416B32326B6E51A00B0C50A /* Release */ = {
			isa = XCBuildConfiguration;
			buildSettings = {
				ASSETCATALOG_COMPILER_APPICON_NAME = AppIcon;
				ASSETCATALOG_COMPILER_GLOBAL_ACCENT_COLOR_NAME = AccentColor;
				CODE_SIGN_STYLE = Automatic;
				DEVELOPMENT_TEAM = 6MY56XZDP3;
				INFOPLIST_FILE = CloudiumTest/Info.plist;
				LD_RUNPATH_SEARCH_PATHS = (
					"$(inherited)",
					"@executable_path/Frameworks",
				);
				PRODUCT_BUNDLE_IDENTIFIER = com.pm.abi.CloudiumTest;
				PRODUCT_NAME = "$(TARGET_NAME)";
				SWIFT_VERSION = 5.0;
				TARGETED_DEVICE_FAMILY = "1,2";
			};
			name = Release;
		};
/* End XCBuildConfiguration section */

/* Begin XCConfigurationList section */
		8416B30526B6E51900B0C50A /* Build configuration list for PBXProject "CloudiumTest" */ = {
			isa = XCConfigurationList;
			buildConfigurations = (
				8416B31F26B6E51A00B0C50A /* Debug */,
				8416B32026B6E51A00B0C50A /* Release */,
			);
			defaultConfigurationIsVisible = 0;
			defaultConfigurationName = Release;
		};
		8416B32126B6E51A00B0C50A /* Build configuration list for PBXNativeTarget "CloudiumTest" */ = {
			isa = XCConfigurationList;
			buildConfigurations = (
				8416B32226B6E51A00B0C50A /* Debug */,
				8416B32326B6E51A00B0C50A /* Release */,
			);
			defaultConfigurationIsVisible = 0;
			defaultConfigurationName = Release;
		};
/* End XCConfigurationList section */

/* Begin XCVersionGroup section */
		8416B31626B6E51900B0C50A /* CloudiumTest.xcdatamodeld */ = {
			isa = XCVersionGroup;
			children = (
				8416B31726B6E51900B0C50A /* CloudiumTest.xcdatamodel */,
			);
			currentVersion = 8416B31726B6E51900B0C50A /* CloudiumTest.xcdatamodel */;
			path = CloudiumTest.xcdatamodeld;
			sourceTree = "<group>";
			versionGroupType = wrapper.xcdatamodel;
		};
/* End XCVersionGroup section */
	};
	rootObject = 8416B30226B6E51900B0C50A /* Project object */;
}
